
Microsoft Visual Studio Solution File, Format Version 12.00
# Visual Studio Version 16
VisualStudioVersion = 16.0.30114.105
MinimumVisualStudioVersion = 10.0.40219.1
Project("{FAE04EC0-301F-11D3-BF4B-00C04F79EFBC}") = "WebApplication", "WebApplication.csproj", "{CA310AC9-F660-444E-95BC-4C0179EE51CA}"
EndProject
Global
	GlobalSection(SolutionConfigurationPlatforms) = preSolution
		Debug|Any CPU = Debug|Any CPU
		Release|Any CPU = Release|Any CPU
	EndGlobalSection
	GlobalSection(ProjectConfigurationPlatforms) = postSolution
		{CA310AC9-F660-444E-95BC-4C0179EE51CA}.Debug|Any CPU.ActiveCfg = Debug|Any CPU
		{CA310AC9-F660-444E-95BC-4C0179EE51CA}.Debug|Any CPU.Build.0 = Debug|Any CPU
		{CA310AC9-F660-444E-95BC-4C0179EE51CA}.Release|Any CPU.ActiveCfg = Release|Any CPU
		{CA310AC9-F660-444E-95BC-4C0179EE51CA}.Release|Any CPU.Build.0 = Release|Any CPU
	EndGlobalSection
	GlobalSection(SolutionProperties) = preSolution
		HideSolutionNode = FALSE
	EndGlobalSection
	GlobalSection(ExtensibilityGlobals) = postSolution
		SolutionGuid = {68FF016A-6B01-42D2-BC3F-FDD4CF5C4385}
	EndGlobalSection
EndGlobal
